
Microsoft Visual Studio Solution File, Format Version 12.00
# Visual Studio 15
VisualStudioVersion = 15.0.28307.1169
MinimumVisualStudioVersion = 10.0.40219.1
Project("{8BC9CEB8-8B4A-11D0-8D11-00A0C91BC942}") = "Project1", "Project1\Project1.vcxproj", "{4A728A5A-6582-47EB-B8E9-EE2A8B6630B3}"
EndProject
Global
	GlobalSection(SolutionConfigurationPlatforms) = preSolution
		Debug|x64 = Debug|x64
		Debug|x86 = Debug|x86
		Release|x64 = Release|x64
		Release|x86 = Release|x86
	EndGlobalSection
	GlobalSection(ProjectConfigurationPlatforms) = postSolution
		{4A728A5A-6582-47EB-B8E9-EE2A8B6630B3}.Debug|x64.ActiveCfg = Debug|x64
		{4A728A5A-6582-47EB-B8E9-EE2A8B6630B3}.Debug|x64.Build.0 = Debug|x64
		{4A728A5A-6582-47EB-B8E9-EE2A8B6630B3}.Debug|x86.ActiveCfg = Debug|Win32
		{4A728A5A-6582-47EB-B8E9-EE2A8B6630B3}.Debug|x86.Build.0 = Debug|Win32
		{4A728A5A-6582-47EB-B8E9-EE2A8B6630B3}.Release|x64.ActiveCfg = Release|x64
		{4A728A5A-6582-47EB-B8E9-EE2A8B6630B3}.Release|x64.Build.0 = Release|x64
		{4A728A5A-6582-47EB-B8E9-EE2A8B6630B3}.Release|x86.ActiveCfg = Release|Win32
		{4A728A5A-6582-47EB-B8E9-EE2A8B6630B3}.Release|x86.Build.0 = Release|Win32
	EndGlobalSection
	GlobalSection(SolutionProperties) = preSolution
		HideSolutionNode = FALSE
	EndGlobalSection
	GlobalSection(ExtensibilityGlobals) = postSolution
		SolutionGuid = {A91C25DC-AB90-4D59-81CE-FD3B9C919E31}
	EndGlobalSection
EndGlobal
